<?xml version="1.0" encoding="utf-8"?>
<Project ToolsVersion="4.0" xmlns="http://schemas.microsoft.com/developer/msbuild/2003">
  <ItemGroup>
    <Filter Include="Source">
      <UniqueIdentifier>{69992a8a-4b6c-49e3-a33c-423fc380b191}</UniqueIdentifier>
      <Extensions>*.cpp</Extensions>
    </Filter>
    <Filter Include="Header">
      <UniqueIdentifier>{dc200671-fc7a-479d-9c18-725388e5de44}</UniqueIdentifier>
      <Extensions>*.h</Extensions>
    </Filter>
  </ItemGroup>
  <ItemGroup>
    <ClCompile Include="SndWindCli.cpp">
      <Filter>Source</Filter>
    </ClCompile>
    <ClCompile Include="CliNetwork.cpp">
      <Filter>Source</Filter>
    </ClCompile>
  </ItemGroup>
  <ItemGroup>
    <ClInclude Include="CliNetwork.h">
      <Filter>Header</Filter>
    </ClInclude>
    <ClInclude Include="Resource.h">
      <Filter>Header</Filter>
    </ClInclude>
  </ItemGroup>
  <ItemGroup>
    <ResourceCompile Include="SndWindCli.rc" />
  </ItemGroup>
</Project>