
Microsoft Visual Studio Solution File, Format Version 12.00
# Visual Studio Express 2012 for Windows Desktop
Project("{8BC9CEB8-8B4A-11D0-8D11-00A0C91BC942}") = "SndWinSrv", "SndWinSrv\SndWinSrv.vcxproj", "{121E6462-4DB3-4906-9556-32BC6A5F5ABA}"
EndProject
Project("{8BC9CEB8-8B4A-11D0-8D11-00A0C91BC942}") = "SndWinCli", "SndWinCli\SndWinCli.vcxproj", "{3844138E-14A1-427B-8B37-16316401E38D}"
EndProject
Global
	GlobalSection(SolutionConfigurationPlatforms) = preSolution
		Debug|Win32 = Debug|Win32
		Release|Win32 = Release|Win32
	EndGlobalSection
	GlobalSection(ProjectConfigurationPlatforms) = postSolution
		{121E6462-4DB3-4906-9556-32BC6A5F5ABA}.Debug|Win32.ActiveCfg = Debug|Win32
		{121E6462-4DB3-4906-9556-32BC6A5F5ABA}.Debug|Win32.Build.0 = Debug|Win32
		{121E6462-4DB3-4906-9556-32BC6A5F5ABA}.Release|Win32.ActiveCfg = Release|Win32
		{121E6462-4DB3-4906-9556-32BC6A5F5ABA}.Release|Win32.Build.0 = Release|Win32
		{3844138E-14A1-427B-8B37-16316401E38D}.Debug|Win32.ActiveCfg = Debug|Win32
		{3844138E-14A1-427B-8B37-16316401E38D}.Debug|Win32.Build.0 = Debug|Win32
		{3844138E-14A1-427B-8B37-16316401E38D}.Release|Win32.ActiveCfg = Release|Win32
		{3844138E-14A1-427B-8B37-16316401E38D}.Release|Win32.Build.0 = Release|Win32
	EndGlobalSection
	GlobalSection(SolutionProperties) = preSolution
		HideSolutionNode = FALSE
	EndGlobalSection
EndGlobal
